
Microsoft Visual Studio Solution File, Format Version 12.00
# Visual Studio Version 17
VisualStudioVersion = 17.14.36915.13 d17.14
MinimumVisualStudioVersion = 10.0.40219.1
Project("{FAE04EC0-301F-11D3-BF4B-00C04F79EFBC}") = "optipoint-config-tool", "optipoint-config-tool.csproj", "{FCF9779C-D0EC-FD07-E467-85B564F79773}"
EndProject
Global
	GlobalSection(SolutionConfigurationPlatforms) = preSolution
		Debug|Any CPU = Debug|Any CPU
		Release|Any CPU = Release|Any CPU
	EndGlobalSection
	GlobalSection(ProjectConfigurationPlatforms) = postSolution
		{FCF9779C-D0EC-FD07-E467-85B564F79773}.Debug|Any CPU.ActiveCfg = Debug|Any CPU
		{FCF9779C-D0EC-FD07-E467-85B564F79773}.Debug|Any CPU.Build.0 = Debug|Any CPU
		{FCF9779C-D0EC-FD07-E467-85B564F79773}.Release|Any CPU.ActiveCfg = Release|Any CPU
		{FCF9779C-D0EC-FD07-E467-85B564F79773}.Release|Any CPU.Build.0 = Release|Any CPU
	EndGlobalSection
	GlobalSection(SolutionProperties) = preSolution
		HideSolutionNode = FALSE
	EndGlobalSection
	GlobalSection(ExtensibilityGlobals) = postSolution
		SolutionGuid = {6D546CB7-4D30-46A0-9059-4C1F3CB956E2}
	EndGlobalSection
EndGlobal
